
Microsoft Visual Studio Solution File, Format Version 12.00
# Visual Studio Version 17
VisualStudioVersion = 17.14.36603.0 d17.14
MinimumVisualStudioVersion = 10.0.40219.1
Project("{FAE04EC0-301F-11D3-BF4B-00C04F79EFBC}") = "TodoApi", "TodoApi\TodoApi.csproj", "{B8C093AB-37FA-46A8-9169-C6027223734D}"
EndProject
Global
	GlobalSection(SolutionConfigurationPlatforms) = preSolution
		Debug|Any CPU = Debug|Any CPU
		Release|Any CPU = Release|Any CPU
	EndGlobalSection
	GlobalSection(ProjectConfigurationPlatforms) = postSolution
		{B8C093AB-37FA-46A8-9169-C6027223734D}.Debug|Any CPU.ActiveCfg = Debug|Any CPU
		{B8C093AB-37FA-46A8-9169-C6027223734D}.Debug|Any CPU.Build.0 = Debug|Any CPU
		{B8C093AB-37FA-46A8-9169-C6027223734D}.Release|Any CPU.ActiveCfg = Release|Any CPU
		{B8C093AB-37FA-46A8-9169-C6027223734D}.Release|Any CPU.Build.0 = Release|Any CPU
	EndGlobalSection
	GlobalSection(SolutionProperties) = preSolution
		HideSolutionNode = FALSE
	EndGlobalSection
	GlobalSection(ExtensibilityGlobals) = postSolution
		SolutionGuid = {BF26E219-8789-4763-A1BD-940204339D0B}
	EndGlobalSection
EndGlobal
